
Microsoft Visual Studio Solution File, Format Version 12.00
# Visual Studio 15
VisualStudioVersion = 15.0.28307.168
MinimumVisualStudioVersion = 10.0.40219.1
Project("{FAE04EC0-301F-11D3-BF4B-00C04F79EFBC}") = "BasicIfElse", "BasicIfElse\BasicIfElse.csproj", "{8CE718D5-F6D9-4177-B0A2-D8EE8736CB2D}"
EndProject
Project("{FAE04EC0-301F-11D3-BF4B-00C04F79EFBC}") = "ForLoop", "ForLoop\ForLoop.csproj", "{ABBADBF9-47B1-4F96-8FFC-9514784239ED}"
EndProject
Project("{FAE04EC0-301F-11D3-BF4B-00C04F79EFBC}") = "WhileLoop", "WhileLoop\WhileLoop.csproj", "{42757B4C-4AB7-4CA4-96DC-2890F612A31C}"
EndProject
Project("{FAE04EC0-301F-11D3-BF4B-00C04F79EFBC}") = "DoWhileLoop", "DoWhileLoop\DoWhileLoop.csproj", "{B10E36CB-3A31-4D56-B3C1-0B613D851E03}"
EndProject
Project("{FAE04EC0-301F-11D3-BF4B-00C04F79EFBC}") = "Switch", "Switch\Switch.csproj", "{4990F3FB-0C43-4EF3-A50B-E6FFD40D246C}"
EndProject
Project("{FAE04EC0-301F-11D3-BF4B-00C04F79EFBC}") = "Exceptions", "Exceptions\Exceptions.csproj", "{F049DC36-328E-418B-A9C2-10EE6C7AB516}"
EndProject
Project("{2150E333-8FDC-42A3-9474-1A3956D46DE8}") = "01", "01", "{A4201A88-AE14-4364-82F3-5D48F99BA1B9}"
EndProject
Project("{2150E333-8FDC-42A3-9474-1A3956D46DE8}") = "02", "02", "{C664B6F3-2E34-42EB-B0CD-CA198EB6B717}"
EndProject
Project("{2150E333-8FDC-42A3-9474-1A3956D46DE8}") = "03", "03", "{3F451010-784F-40B1-B9C4-4D3100B72D55}"
EndProject
Project("{2150E333-8FDC-42A3-9474-1A3956D46DE8}") = "04", "04", "{CF638392-4258-4833-90FA-278F29934C81}"
EndProject
Project("{2150E333-8FDC-42A3-9474-1A3956D46DE8}") = "05", "05", "{18735759-BB6E-4FC6-AB76-7CE177DE6EBE}"
EndProject
Project("{2150E333-8FDC-42A3-9474-1A3956D46DE8}") = "06", "06", "{70809EBF-AC65-4BA6-8C97-69F861EA74D6}"
EndProject
Project("{2150E333-8FDC-42A3-9474-1A3956D46DE8}") = "07", "07", "{8BCC4DB6-B9CD-45D6-A05F-4739B219A425}"
EndProject
Project("{FAE04EC0-301F-11D3-BF4B-00C04F79EFBC}") = "CustomException", "CustomException\CustomException.csproj", "{5C658C13-F6E1-4C69-B2CB-5CBA4E0D236B}"
EndProject
Project("{2150E333-8FDC-42A3-9474-1A3956D46DE8}") = "08", "08", "{15F912BD-D64F-464C-9294-B54FA4580487}"
EndProject
Project("{FAE04EC0-301F-11D3-BF4B-00C04F79EFBC}") = "Arrays", "Arrays\Arrays.csproj", "{801B4C72-CB10-45D6-AE1A-2290802AA6E4}"
EndProject
Project("{2150E333-8FDC-42A3-9474-1A3956D46DE8}") = "09", "09", "{4DA76403-4A80-4DD5-89B4-E8266D86C8B4}"
EndProject
Project("{FAE04EC0-301F-11D3-BF4B-00C04F79EFBC}") = "Lists", "Lists\Lists.csproj", "{34D08A54-FF4E-4D2B-ACAA-6271F0BC8B03}"
EndProject
Project("{2150E333-8FDC-42A3-9474-1A3956D46DE8}") = "10", "10", "{6849A1BC-4639-4061-8851-058D70C90B2E}"
EndProject
Project("{FAE04EC0-301F-11D3-BF4B-00C04F79EFBC}") = "Dict", "Dict\Dict.csproj", "{8A9BF467-4817-44FA-B89C-84BE5BABDEF3}"
EndProject
Project("{2150E333-8FDC-42A3-9474-1A3956D46DE8}") = "11", "11", "{621C8FB8-A549-4C71-968F-D9A4762BE151}"
EndProject
Project("{FAE04EC0-301F-11D3-BF4B-00C04F79EFBC}") = "AbstractClass", "AbstractClass\AbstractClass.csproj", "{0B2272AF-D33A-412C-B497-B75356177EE8}"
EndProject
Project("{2150E333-8FDC-42A3-9474-1A3956D46DE8}") = "12", "12", "{EC349B89-B939-4F04-9D68-4215A1B567F4}"
EndProject
Project("{FAE04EC0-301F-11D3-BF4B-00C04F79EFBC}") = "Interface", "Interface\Interface.csproj", "{2D2D2AEE-F0B2-4DAA-AD02-9E8BD443F369}"
EndProject
Project("{2150E333-8FDC-42A3-9474-1A3956D46DE8}") = "13", "13", "{FDCDE05A-285F-4680-83DB-D8D55669A9A2}"
EndProject
Project("{FAE04EC0-301F-11D3-BF4B-00C04F79EFBC}") = "Delegate", "Delegate\Delegate.csproj", "{93CC69F3-077A-4B41-B697-8444226E0933}"
EndProject
Project("{2150E333-8FDC-42A3-9474-1A3956D46DE8}") = "14", "14", "{AF9A46C8-A6F3-4D14-8A96-62F823A7292F}"
EndProject
Project("{FAE04EC0-301F-11D3-BF4B-00C04F79EFBC}") = "Events", "Events\Events.csproj", "{96632CBC-C213-4EB6-A71D-F10B1D66C8DF}"
EndProject
Global
	GlobalSection(SolutionConfigurationPlatforms) = preSolution
		Debug|Any CPU = Debug|Any CPU
		Release|Any CPU = Release|Any CPU
	EndGlobalSection
	GlobalSection(ProjectConfigurationPlatforms) = postSolution
		{8CE718D5-F6D9-4177-B0A2-D8EE8736CB2D}.Debug|Any CPU.ActiveCfg = Debug|Any CPU
		{8CE718D5-F6D9-4177-B0A2-D8EE8736CB2D}.Debug|Any CPU.Build.0 = Debug|Any CPU
		{8CE718D5-F6D9-4177-B0A2-D8EE8736CB2D}.Release|Any CPU.ActiveCfg = Release|Any CPU
		{8CE718D5-F6D9-4177-B0A2-D8EE8736CB2D}.Release|Any CPU.Build.0 = Release|Any CPU
		{ABBADBF9-47B1-4F96-8FFC-9514784239ED}.Debug|Any CPU.ActiveCfg = Debug|Any CPU
		{ABBADBF9-47B1-4F96-8FFC-9514784239ED}.Debug|Any CPU.Build.0 = Debug|Any CPU
		{ABBADBF9-47B1-4F96-8FFC-9514784239ED}.Release|Any CPU.ActiveCfg = Release|Any CPU
		{ABBADBF9-47B1-4F96-8FFC-9514784239ED}.Release|Any CPU.Build.0 = Release|Any CPU
		{42757B4C-4AB7-4CA4-96DC-2890F612A31C}.Debug|Any CPU.ActiveCfg = Debug|Any CPU
		{42757B4C-4AB7-4CA4-96DC-2890F612A31C}.Debug|Any CPU.Build.0 = Debug|Any CPU
		{42757B4C-4AB7-4CA4-96DC-2890F612A31C}.Release|Any CPU.ActiveCfg = Release|Any CPU
		{42757B4C-4AB7-4CA4-96DC-2890F612A31C}.Release|Any CPU.Build.0 = Release|Any CPU
		{B10E36CB-3A31-4D56-B3C1-0B613D851E03}.Debug|Any CPU.ActiveCfg = Debug|Any CPU
		{B10E36CB-3A31-4D56-B3C1-0B613D851E03}.Debug|Any CPU.Build.0 = Debug|Any CPU
		{B10E36CB-3A31-4D56-B3C1-0B613D851E03}.Release|Any CPU.ActiveCfg = Release|Any CPU
		{B10E36CB-3A31-4D56-B3C1-0B613D851E03}.Release|Any CPU.Build.0 = Release|Any CPU
		{4990F3FB-0C43-4EF3-A50B-E6FFD40D246C}.Debug|Any CPU.ActiveCfg = Debug|Any CPU
		{4990F3FB-0C43-4EF3-A50B-E6FFD40D246C}.Debug|Any CPU.Build.0 = Debug|Any CPU
		{4990F3FB-0C43-4EF3-A50B-E6FFD40D246C}.Release|Any CPU.ActiveCfg = Release|Any CPU
		{4990F3FB-0C43-4EF3-A50B-E6FFD40D246C}.Release|Any CPU.Build.0 = Release|Any CPU
		{F049DC36-328E-418B-A9C2-10EE6C7AB516}.Debug|Any CPU.ActiveCfg = Debug|Any CPU
		{F049DC36-328E-418B-A9C2-10EE6C7AB516}.Debug|Any CPU.Build.0 = Debug|Any CPU
		{F049DC36-328E-418B-A9C2-10EE6C7AB516}.Release|Any CPU.ActiveCfg = Release|Any CPU
		{F049DC36-328E-418B-A9C2-10EE6C7AB516}.Release|Any CPU.Build.0 = Release|Any CPU
		{5C658C13-F6E1-4C69-B2CB-5CBA4E0D236B}.Debug|Any CPU.ActiveCfg = Debug|Any CPU
		{5C658C13-F6E1-4C69-B2CB-5CBA4E0D236B}.Debug|Any CPU.Build.0 = Debug|Any CPU
		{5C658C13-F6E1-4C69-B2CB-5CBA4E0D236B}.Release|Any CPU.ActiveCfg = Release|Any CPU
		{5C658C13-F6E1-4C69-B2CB-5CBA4E0D236B}.Release|Any CPU.Build.0 = Release|Any CPU
		{801B4C72-CB10-45D6-AE1A-2290802AA6E4}.Debug|Any CPU.ActiveCfg = Debug|Any CPU
		{801B4C72-CB10-45D6-AE1A-2290802AA6E4}.Debug|Any CPU.Build.0 = Debug|Any CPU
		{801B4C72-CB10-45D6-AE1A-2290802AA6E4}.Release|Any CPU.ActiveCfg = Release|Any CPU
		{801B4C72-CB10-45D6-AE1A-2290802AA6E4}.Release|Any CPU.Build.0 = Release|Any CPU
		{34D08A54-FF4E-4D2B-ACAA-6271F0BC8B03}.Debug|Any CPU.ActiveCfg = Debug|Any CPU
		{34D08A54-FF4E-4D2B-ACAA-6271F0BC8B03}.Debug|Any CPU.Build.0 = Debug|Any CPU
		{34D08A54-FF4E-4D2B-ACAA-6271F0BC8B03}.Release|Any CPU.ActiveCfg = Release|Any CPU
		{34D08A54-FF4E-4D2B-ACAA-6271F0BC8B03}.Release|Any CPU.Build.0 = Release|Any CPU
		{8A9BF467-4817-44FA-B89C-84BE5BABDEF3}.Debug|Any CPU.ActiveCfg = Debug|Any CPU
		{8A9BF467-4817-44FA-B89C-84BE5BABDEF3}.Debug|Any CPU.Build.0 = Debug|Any CPU
		{8A9BF467-4817-44FA-B89C-84BE5BABDEF3}.Release|Any CPU.ActiveCfg = Release|Any CPU
		{8A9BF467-4817-44FA-B89C-84BE5BABDEF3}.Release|Any CPU.Build.0 = Release|Any CPU
		{0B2272AF-D33A-412C-B497-B75356177EE8}.Debug|Any CPU.ActiveCfg = Debug|Any CPU
		{0B2272AF-D33A-412C-B497-B75356177EE8}.Debug|Any CPU.Build.0 = Debug|Any CPU
		{0B2272AF-D33A-412C-B497-B75356177EE8}.Release|Any CPU.ActiveCfg = Release|Any CPU
		{0B2272AF-D33A-412C-B497-B75356177EE8}.Release|Any CPU.Build.0 = Release|Any CPU
		{2D2D2AEE-F0B2-4DAA-AD02-9E8BD443F369}.Debug|Any CPU.ActiveCfg = Debug|Any CPU
		{2D2D2AEE-F0B2-4DAA-AD02-9E8BD443F369}.Debug|Any CPU.Build.0 = Debug|Any CPU
		{2D2D2AEE-F0B2-4DAA-AD02-9E8BD443F369}.Release|Any CPU.ActiveCfg = Release|Any CPU
		{2D2D2AEE-F0B2-4DAA-AD02-9E8BD443F369}.Release|Any CPU.Build.0 = Release|Any CPU
		{93CC69F3-077A-4B41-B697-8444226E0933}.Debug|Any CPU.ActiveCfg = Debug|Any CPU
		{93CC69F3-077A-4B41-B697-8444226E0933}.Debug|Any CPU.Build.0 = Debug|Any CPU
		{93CC69F3-077A-4B41-B697-8444226E0933}.Release|Any CPU.ActiveCfg = Release|Any CPU
		{93CC69F3-077A-4B41-B697-8444226E0933}.Release|Any CPU.Build.0 = Release|Any CPU
		{96632CBC-C213-4EB6-A71D-F10B1D66C8DF}.Debug|Any CPU.ActiveCfg = Debug|Any CPU
		{96632CBC-C213-4EB6-A71D-F10B1D66C8DF}.Debug|Any CPU.Build.0 = Debug|Any CPU
		{96632CBC-C213-4EB6-A71D-F10B1D66C8DF}.Release|Any CPU.ActiveCfg = Release|Any CPU
		{96632CBC-C213-4EB6-A71D-F10B1D66C8DF}.Release|Any CPU.Build.0 = Release|Any CPU
	EndGlobalSection
	GlobalSection(SolutionProperties) = preSolution
		HideSolutionNode = FALSE
	EndGlobalSection
	GlobalSection(NestedProjects) = preSolution
		{8CE718D5-F6D9-4177-B0A2-D8EE8736CB2D} = {A4201A88-AE14-4364-82F3-5D48F99BA1B9}
		{ABBADBF9-47B1-4F96-8FFC-9514784239ED} = {C664B6F3-2E34-42EB-B0CD-CA198EB6B717}
		{42757B4C-4AB7-4CA4-96DC-2890F612A31C} = {3F451010-784F-40B1-B9C4-4D3100B72D55}
		{B10E36CB-3A31-4D56-B3C1-0B613D851E03} = {CF638392-4258-4833-90FA-278F29934C81}
		{4990F3FB-0C43-4EF3-A50B-E6FFD40D246C} = {18735759-BB6E-4FC6-AB76-7CE177DE6EBE}
		{F049DC36-328E-418B-A9C2-10EE6C7AB516} = {70809EBF-AC65-4BA6-8C97-69F861EA74D6}
		{5C658C13-F6E1-4C69-B2CB-5CBA4E0D236B} = {8BCC4DB6-B9CD-45D6-A05F-4739B219A425}
		{801B4C72-CB10-45D6-AE1A-2290802AA6E4} = {15F912BD-D64F-464C-9294-B54FA4580487}
		{34D08A54-FF4E-4D2B-ACAA-6271F0BC8B03} = {4DA76403-4A80-4DD5-89B4-E8266D86C8B4}
		{8A9BF467-4817-44FA-B89C-84BE5BABDEF3} = {6849A1BC-4639-4061-8851-058D70C90B2E}
		{0B2272AF-D33A-412C-B497-B75356177EE8} = {621C8FB8-A549-4C71-968F-D9A4762BE151}
		{2D2D2AEE-F0B2-4DAA-AD02-9E8BD443F369} = {EC349B89-B939-4F04-9D68-4215A1B567F4}
		{93CC69F3-077A-4B41-B697-8444226E0933} = {FDCDE05A-285F-4680-83DB-D8D55669A9A2}
		{96632CBC-C213-4EB6-A71D-F10B1D66C8DF} = {AF9A46C8-A6F3-4D14-8A96-62F823A7292F}
	EndGlobalSection
	GlobalSection(ExtensibilityGlobals) = postSolution
		SolutionGuid = {1A67C9A7-325E-4F6D-8BB0-8F507E4BFF70}
	EndGlobalSection
EndGlobal
